
Microsoft Visual Studio Solution File, Format Version 12.00
# Visual Studio Version 17
VisualStudioVersion = 17.11.35327.3
MinimumVisualStudioVersion = 10.0.40219.1
Project("{9A19103F-16F7-4668-BE54-9A1E7A4F7556}") = "WebApplication2", "WebApplication2\WebApplication2.csproj", "{9DBF02B2-DEAA-4D4D-87FB-EF9A57C98649}"
EndProject
Project("{9A19103F-16F7-4668-BE54-9A1E7A4F7556}") = "DAL", "DAL\DAL.csproj", "{C686A6AE-7399-47CC-97AD-952FC1922BCE}"
EndProject
Project("{FAE04EC0-301F-11D3-BF4B-00C04F79EFBC}") = "BLL", "BLL\BLL.csproj", "{CFF7370E-57B3-4CBE-BEE0-FFF0F0BA8C9D}"
EndProject
Project("{E53339B2-1760-4266-BCC7-CA923CBCF16C}") = "docker-compose", "docker-compose.dcproj", "{81DDED9D-158B-E303-5F62-77A2896D2A5A}"
EndProject
Global
	GlobalSection(SolutionConfigurationPlatforms) = preSolution
		Debug|Any CPU = Debug|Any CPU
		Release|Any CPU = Release|Any CPU
	EndGlobalSection
	GlobalSection(ProjectConfigurationPlatforms) = postSolution
		{9DBF02B2-DEAA-4D4D-87FB-EF9A57C98649}.Debug|Any CPU.ActiveCfg = Debug|Any CPU
		{9DBF02B2-DEAA-4D4D-87FB-EF9A57C98649}.Debug|Any CPU.Build.0 = Debug|Any CPU
		{9DBF02B2-DEAA-4D4D-87FB-EF9A57C98649}.Release|Any CPU.ActiveCfg = Release|Any CPU
		{9DBF02B2-DEAA-4D4D-87FB-EF9A57C98649}.Release|Any CPU.Build.0 = Release|Any CPU
		{C686A6AE-7399-47CC-97AD-952FC1922BCE}.Debug|Any CPU.ActiveCfg = Debug|Any CPU
		{C686A6AE-7399-47CC-97AD-952FC1922BCE}.Debug|Any CPU.Build.0 = Debug|Any CPU
		{C686A6AE-7399-47CC-97AD-952FC1922BCE}.Release|Any CPU.ActiveCfg = Release|Any CPU
		{C686A6AE-7399-47CC-97AD-952FC1922BCE}.Release|Any CPU.Build.0 = Release|Any CPU
		{CFF7370E-57B3-4CBE-BEE0-FFF0F0BA8C9D}.Debug|Any CPU.ActiveCfg = Debug|Any CPU
		{CFF7370E-57B3-4CBE-BEE0-FFF0F0BA8C9D}.Debug|Any CPU.Build.0 = Debug|Any CPU
		{CFF7370E-57B3-4CBE-BEE0-FFF0F0BA8C9D}.Release|Any CPU.ActiveCfg = Release|Any CPU
		{CFF7370E-57B3-4CBE-BEE0-FFF0F0BA8C9D}.Release|Any CPU.Build.0 = Release|Any CPU
		{81DDED9D-158B-E303-5F62-77A2896D2A5A}.Debug|Any CPU.ActiveCfg = Debug|Any CPU
		{81DDED9D-158B-E303-5F62-77A2896D2A5A}.Debug|Any CPU.Build.0 = Debug|Any CPU
		{81DDED9D-158B-E303-5F62-77A2896D2A5A}.Release|Any CPU.ActiveCfg = Release|Any CPU
		{81DDED9D-158B-E303-5F62-77A2896D2A5A}.Release|Any CPU.Build.0 = Release|Any CPU
	EndGlobalSection
	GlobalSection(SolutionProperties) = preSolution
		HideSolutionNode = FALSE
	EndGlobalSection
	GlobalSection(ExtensibilityGlobals) = postSolution
		SolutionGuid = {8E84F05C-A29F-4806-B898-5BDD3AA892CB}
	EndGlobalSection
EndGlobal
